# Generated by conda-lock.
# platform: linux-64
# input_hash: 6f20a0fc8772ad5d3d33d8e0e73e87e115d5791c29826539f67011d29ec7364b
@EXPLICIT
https://conda.anaconda.org/conda-forge/linux-64/_libgcc_mutex-0.1-conda_forge.tar.bz2#d7c89558ba9fa0495403155b64376d81
https://conda.anaconda.org/conda-forge/linux-64/ca-certificates-2024.6.2-hbcca054_0.conda#847c3c2905cc467cea52c24f9cfa8080
https://conda.anaconda.org/conda-forge/noarch/font-ttf-dejavu-sans-mono-2.37-hab24e00_0.tar.bz2#0c96522c6bdaed4b1566d11387caaf45
https://conda.anaconda.org/conda-forge/noarch/font-ttf-inconsolata-3.000-h77eed37_0.tar.bz2#34893075a5c9e55cdafac56607368fc6
https://conda.anaconda.org/conda-forge/noarch/font-ttf-source-code-pro-2.038-h77eed37_0.tar.bz2#4d59c254e01d9cde7957100457e2d5fb
https://conda.anaconda.org/conda-forge/noarch/font-ttf-ubuntu-0.83-h77eed37_2.conda#cbbe59391138ea5ad3658c76912e147f
https://repo.anaconda.com/pkgs/main/linux-64/intel-openmp-2022.0.1-h06a4308_3633.conda#c9bf9cea63382b0c0cf1cbdfcc64942f
https://conda.anaconda.org/conda-forge/linux-64/ld_impl_linux-64-2.40-hf3520f5_7.conda#b80f2f396ca2c28b8c14c437a4ed1e74
https://conda.anaconda.org/conda-forge/linux-64/libboost-headers-1.85.0-ha770c72_2.conda#a685407e4876ad2327fcfc0024b5e204
https://conda.anaconda.org/conda-forge/noarch/poppler-data-0.4.12-hd8ed1ab_0.conda#d8d7293c5b37f39b2ac32940621c6592
https://conda.anaconda.org/conda-forge/linux-64/python_abi-3.10-4_cp310.conda#26322ec5d7712c3ded99dd656142b8ce
https://conda.anaconda.org/pytorch/noarch/pytorch-mutex-1.0-cpu.tar.bz2#49565ed726991fd28d08a39885caa88d
https://conda.anaconda.org/conda-forge/noarch/tzdata-2024a-h0c530f3_0.conda#161081fc7cec0bfda0d86d7cb595f8d8
https://conda.anaconda.org/pytorch/noarch/cpuonly-2.0-0.tar.bz2#1cf3a59ef90a4078c253e3b02c272065
https://conda.anaconda.org/conda-forge/noarch/fonts-conda-forge-1-0.tar.bz2#f766549260d6815b0c52253f1fb1bb29
https://conda.anaconda.org/conda-forge/linux-64/libgomp-14.1.0-h77fa898_0.conda#ae061a5ed5f05818acdf9adab72c146d
https://conda.anaconda.org/conda-forge/linux-64/_openmp_mutex-4.5-2_gnu.tar.bz2#73aaf86a425cc6e73fcf236a5a46396d
https://conda.anaconda.org/conda-forge/noarch/fonts-conda-ecosystem-1-0.tar.bz2#fee5683a3f04bd15cbd8318b096a27ab
https://conda.anaconda.org/conda-forge/linux-64/libgcc-ng-14.1.0-h77fa898_0.conda#ca0fad6a41ddaef54a153b78eccb5037
https://conda.anaconda.org/conda-forge/linux-64/aws-c-common-0.9.23-h4ab18f5_0.conda#94d61ae2b2b701008a9d52ce6bbead27
https://conda.anaconda.org/conda-forge/linux-64/bzip2-1.0.8-hd590300_5.conda#69b8b6202a07720f448be700e300ccf4
https://conda.anaconda.org/conda-forge/linux-64/c-ares-1.28.1-hd590300_0.conda#dcde58ff9a1f30b0037a2315d1846d1f
https://conda.anaconda.org/conda-forge/linux-64/dav1d-1.2.1-hd590300_0.conda#418c6ca5929a611cbd69204907a83995
https://conda.anaconda.org/conda-forge/linux-64/fribidi-1.0.10-h36c2ea0_0.tar.bz2#ac7bc6a654f8f41b352b38f4051135f8
https://conda.anaconda.org/conda-forge/linux-64/giflib-5.2.2-hd590300_0.conda#3bf7b9fd5a7136126e0234db4b87c8b6
https://conda.anaconda.org/conda-forge/linux-64/json-c-0.17-h7ab15ed_0.conda#9961b1f100c3b6852bd97c9233d06979
https://conda.anaconda.org/conda-forge/linux-64/jxrlib-1.1-hd590300_3.conda#5aeabe88534ea4169d4c49998f293d6c
https://conda.anaconda.org/conda-forge/linux-64/keyutils-1.6.1-h166bdaf_0.tar.bz2#30186d27e2c9fa62b45fb1476b7200e3
https://conda.anaconda.org/conda-forge/linux-64/libbrotlicommon-1.1.0-hd590300_1.conda#aec6c91c7371c26392a06708a73c70e5
https://conda.anaconda.org/conda-forge/linux-64/libdeflate-1.20-hd590300_0.conda#8e88f9389f1165d7c0936fe40d9a9a79
https://conda.anaconda.org/conda-forge/linux-64/libev-4.33-hd590300_2.conda#172bf1cd1ff8629f2b1179945ed45055
https://conda.anaconda.org/conda-forge/linux-64/libexpat-2.6.2-h59595ed_0.conda#e7ba12deb7020dd080c6c70e7b6f6a3d
https://conda.anaconda.org/conda-forge/linux-64/libffi-3.4.2-h7f98852_5.tar.bz2#d645c6d2ac96843a2bfaccd2d62b3ac3
https://conda.anaconda.org/conda-forge/linux-64/libgfortran5-14.1.0-hc5f4f2c_0.conda#6456c2620c990cd8dde2428a27ba0bc5
https://conda.anaconda.org/conda-forge/linux-64/libiconv-1.17-hd590300_2.conda#d66573916ffcf376178462f1b61c941e
https://conda.anaconda.org/conda-forge/linux-64/libjpeg-turbo-3.0.0-hd590300_1.conda#ea25936bb4080d843790b586850f82b8
https://conda.anaconda.org/conda-forge/linux-64/libnsl-2.0.1-hd590300_0.conda#30fd6e37fe21f86f4bd26d6ee73eeec7
https://conda.anaconda.org/conda-forge/linux-64/libsodium-1.0.18-h36c2ea0_1.tar.bz2#c3788462a6fbddafdb413a9f9053e58d
https://conda.anaconda.org/conda-forge/linux-64/libstdcxx-ng-14.1.0-hc0a3c3a_0.conda#1cb187a157136398ddbaae90713e2498
https://conda.anaconda.org/conda-forge/linux-64/libutf8proc-2.8.0-h166bdaf_0.tar.bz2#ede4266dc02e875fe1ea77b25dd43747
https://conda.anaconda.org/conda-forge/linux-64/libuuid-2.38.1-h0b41bf4_0.conda#40b61aab5c7ba9ff276c41cfffe6b80b
https://conda.anaconda.org/conda-forge/linux-64/libwebp-base-1.4.0-hd590300_0.conda#b26e8aa824079e1be0294e7152ca4559
https://conda.anaconda.org/conda-forge/linux-64/libxcrypt-4.4.36-hd590300_1.conda#5aa797f8787fe7a17d1b0821485b5adc
https://conda.anaconda.org/conda-forge/linux-64/libzlib-1.3.1-h4ab18f5_1.conda#57d7dc60e9325e3de37ff8dffd18e814
https://conda.anaconda.org/conda-forge/linux-64/lzo-2.10-hd590300_1001.conda#ec7398d21e2651e0dcb0044d03b9a339
https://conda.anaconda.org/conda-forge/linux-64/ncurses-6.5-h59595ed_0.conda#fcea371545eda051b6deafb24889fc69
https://conda.anaconda.org/conda-forge/linux-64/openssl-3.3.1-h4ab18f5_1.conda#b1e9d076f14e8d776213fd5047b4c3d9
https://conda.anaconda.org/conda-forge/linux-64/pthread-stubs-0.4-h36c2ea0_1001.tar.bz2#22dad4df6e8630e8dff2428f6f6a7036
https://conda.anaconda.org/conda-forge/linux-64/rav1e-0.6.6-he8a937b_2.conda#77d9955b4abddb811cb8ab1aa7d743e4
https://conda.anaconda.org/conda-forge/linux-64/tzcode-2024a-h3f72095_0.conda#32146e34aaec3745a08b6f49af3f41b0
https://conda.anaconda.org/conda-forge/linux-64/xorg-kbproto-1.0.7-h7f98852_1002.tar.bz2#4b230e8381279d76131116660f5a241a
https://conda.anaconda.org/conda-forge/linux-64/xorg-libice-1.1.1-hd590300_0.conda#b462a33c0be1421532f28bfe8f4a7514
https://conda.anaconda.org/conda-forge/linux-64/xorg-libxau-1.0.11-hd590300_0.conda#2c80dc38fface310c9bd81b17037fee5
https://conda.anaconda.org/conda-forge/linux-64/xorg-libxdmcp-1.1.3-h7f98852_0.tar.bz2#be93aabceefa2fac576e971aef407908
https://conda.anaconda.org/conda-forge/linux-64/xorg-renderproto-0.11.1-h7f98852_1002.tar.bz2#06feff3d2634e3097ce2fe681474b534
https://conda.anaconda.org/conda-forge/linux-64/xorg-xextproto-7.3.0-h0b41bf4_1003.conda#bce9f945da8ad2ae9b1d7165a64d0f87
https://conda.anaconda.org/conda-forge/linux-64/xorg-xproto-7.0.31-h7f98852_1007.tar.bz2#b4a4381d54784606820704f7b5f05a15
https://conda.anaconda.org/conda-forge/linux-64/xz-5.2.6-h166bdaf_0.tar.bz2#2161070d867d1b1204ea749c8eec4ef0
https://conda.anaconda.org/conda-forge/linux-64/yaml-0.2.5-h7f98852_2.tar.bz2#4cb3ad778ec2d5a7acbdf254eb1c42ae
https://conda.anaconda.org/conda-forge/linux-64/aom-3.9.1-hac33072_0.conda#346722a0be40f6edc53f12640d301338
https://conda.anaconda.org/conda-forge/linux-64/aws-c-cal-0.6.15-h816f305_1.conda#8ddd866d43ed25da840bc0a87a05abc1
https://conda.anaconda.org/conda-forge/linux-64/aws-c-compression-0.2.18-he027950_7.conda#11e5cb0b426772974f6416545baee0ce
https://conda.anaconda.org/conda-forge/linux-64/aws-c-sdkutils-0.1.16-he027950_3.conda#adbf0c44ca88a3cded175cd809a106b6
https://conda.anaconda.org/conda-forge/linux-64/aws-checksums-0.1.18-he027950_7.conda#95611b325a9728ed68b8f7eef2dd3feb
https://conda.anaconda.org/conda-forge/linux-64/charls-2.4.2-h59595ed_0.conda#4336bd67920dd504cd8c6761d6a99645
https://conda.anaconda.org/conda-forge/linux-64/expat-2.6.2-h59595ed_0.conda#53fb86322bdb89496d7579fe3f02fd61
https://conda.anaconda.org/conda-forge/linux-64/fmt-10.2.1-h00ab1b0_0.conda#35ef8bc24bd34074ebae3c943d551728
https://conda.anaconda.org/conda-forge/linux-64/geos-3.12.1-h59595ed_0.conda#8c0f4f71f5a59ceb0c6fa9f51501066d
https://conda.anaconda.org/conda-forge/linux-64/gflags-2.2.2-he1b5a44_1004.tar.bz2#cddaf2c63ea4a5901cf09524c490ecdc
https://conda.anaconda.org/conda-forge/linux-64/gmp-6.3.0-hac33072_2.conda#c94a5994ef49749880a8139cf9afcbe1
https://conda.anaconda.org/conda-forge/linux-64/graphite2-1.3.13-h59595ed_1003.conda#f87c7b7c2cb45f323ffbce941c78ab7c
https://conda.anaconda.org/conda-forge/linux-64/hdf4-4.2.15-h2a13503_7.conda#bd77f8da987968ec3927990495dc22e4
https://conda.anaconda.org/conda-forge/linux-64/icu-73.2-h59595ed_0.conda#cc47e1facc155f91abd89b11e48e72ff
https://conda.anaconda.org/conda-forge/linux-64/lerc-4.0.0-h27087fc_0.tar.bz2#76bbff344f0134279f225174e9064c8f
https://conda.anaconda.org/conda-forge/linux-64/libabseil-20240116.2-cxx17_h59595ed_0.conda#682bdbe046a68f749769b492f3625c5c
https://conda.anaconda.org/conda-forge/linux-64/libaec-1.1.3-h59595ed_0.conda#5e97e271911b8b2001a8b71860c32faa
https://conda.anaconda.org/conda-forge/linux-64/libbrotlidec-1.1.0-hd590300_1.conda#f07002e225d7a60a694d42a7bf5ff53f
https://conda.anaconda.org/conda-forge/linux-64/libbrotlienc-1.1.0-hd590300_1.conda#5fc11c6020d421960607d821310fcd4d
https://conda.anaconda.org/conda-forge/linux-64/libcrc32c-1.1.2-h9c3ff4c_0.tar.bz2#c965a5aa0d5c1c37ffc62dff36e28400
https://conda.anaconda.org/conda-forge/linux-64/libedit-3.1.20191231-he28a2e2_2.tar.bz2#4d331e44109e3f0e19b4cb8f9b82f3e1
https://conda.anaconda.org/conda-forge/linux-64/libevent-2.1.12-hf998b51_1.conda#a1cfcc585f0c42bf8d5546bb1dfb668d
https://conda.anaconda.org/conda-forge/linux-64/libgfortran-ng-14.1.0-h69a702a_0.conda#f4ca84fbd6d06b0a052fb2d5b96dde41
https://conda.anaconda.org/conda-forge/linux-64/libhwy-1.1.0-h00ab1b0_0.conda#88928158ccfe797eac29ef5e03f7d23d
https://conda.anaconda.org/conda-forge/linux-64/libnghttp2-1.58.0-h47da74e_1.conda#700ac6ea6d53d5510591c4344d5c989a
https://conda.anaconda.org/conda-forge/linux-64/libpng-1.6.43-h2797004_0.conda#009981dd9cfcaa4dbfa25ffaed86bcae
https://conda.anaconda.org/conda-forge/linux-64/libspatialindex-2.0.0-he02047a_0.conda#e7d2dcd1a058149ff9731a8dca39566e
https://conda.anaconda.org/conda-forge/linux-64/libsqlite-3.46.0-hde9e2c9_0.conda#18aa975d2094c34aef978060ae7da7d8
https://conda.anaconda.org/conda-forge/linux-64/libssh2-1.11.0-h0841786_0.conda#1f5a58e686b13bcfde88b93f547d23fe
https://conda.anaconda.org/conda-forge/linux-64/libxcb-1.16-hd590300_0.conda#151cba22b85a989c2d6ef9633ffee1e4
https://conda.anaconda.org/conda-forge/linux-64/libzip-1.10.1-h2629f0a_3.conda#ac79812548e7e8cf61f7b0abdef01d3b
https://conda.anaconda.org/conda-forge/linux-64/libzopfli-1.0.3-h9c3ff4c_0.tar.bz2#c66fe2d123249af7651ebde8984c51c2
https://conda.anaconda.org/conda-forge/linux-64/llvm-openmp-15.0.7-h0cdce71_0.conda#589c9a3575a050b583241c3d688ad9aa
https://conda.anaconda.org/conda-forge/linux-64/lz4-c-1.9.4-hcb278e6_0.conda#318b08df404f9c9be5712aaa5a6f0bb0
https://repo.anaconda.com/pkgs/main/linux-64/mkl-2022.1.0-hc2b9512_224.conda#5fdbbe9486d8b48f9cec4f31758c5680
https://conda.anaconda.org/conda-forge/linux-64/nspr-4.35-h27087fc_0.conda#da0ec11a6454ae19bff5b02ed881a2b1
https://conda.anaconda.org/conda-forge/linux-64/pcre2-10.44-h0f59acf_0.conda#3914f7ac1761dce57102c72ca7c35d01
https://conda.anaconda.org/conda-forge/linux-64/pixman-0.43.2-h59595ed_0.conda#71004cbf7924e19c02746ccde9fd7123
https://conda.anaconda.org/conda-forge/linux-64/qhull-2020.2-h4bd325d_2.tar.bz2#5acb8407fefa1c1929c11c167237e776
https://conda.anaconda.org/conda-forge/linux-64/readline-8.2-h8228510_1.conda#47d31b792659ce70f470b5c82fdfb7a4
https://conda.anaconda.org/conda-forge/linux-64/s2n-1.4.16-he19d79f_0.conda#de1cf82e46578faf7de8c23efe5d7be4
https://conda.anaconda.org/conda-forge/linux-64/snappy-1.2.0-hdb0a2a9_1.conda#843bbb8ace1d64ac50d64639ff38b014
https://conda.anaconda.org/conda-forge/linux-64/svt-av1-2.1.0-hac33072_0.conda#2a08edb7cd75e56623f2712292a97325
https://conda.anaconda.org/conda-forge/linux-64/tk-8.6.13-noxft_h4845f30_101.conda#d453b98d9c83e71da0741bb0ff4d76bc
https://conda.anaconda.org/conda-forge/linux-64/uriparser-0.9.8-hac33072_0.conda#d71d3a66528853c0a1ac2c02d79a0284
https://conda.anaconda.org/conda-forge/linux-64/xorg-libsm-1.2.4-h7391055_0.conda#93ee23f12bc2e684548181256edd2cf6
https://conda.anaconda.org/conda-forge/linux-64/zfp-1.0.1-hac33072_1.conda#df96b7266e49529d82de467b23977452
https://conda.anaconda.org/conda-forge/linux-64/zlib-1.3.1-h4ab18f5_1.conda#9653f1bf3766164d0e65fa723cabbc54
https://conda.anaconda.org/conda-forge/linux-64/zlib-ng-2.2.0-hac33072_0.conda#055e18c8aca4c055222e594fb3133289
https://conda.anaconda.org/conda-forge/linux-64/zstd-1.5.6-ha6fb4c9_0.conda#4d056880988120e29d75bfff282e0f45
https://conda.anaconda.org/conda-forge/linux-64/aws-c-io-0.14.9-hd3d3696_3.conda#0498758c57870fbce948bab48c97ea0e
https://conda.anaconda.org/conda-forge/linux-64/blas-1.0-mkl.tar.bz2#349aef876b1d8c9dccae01de20d5b385
https://conda.anaconda.org/conda-forge/linux-64/blosc-1.21.6-hef167b5_0.conda#54fe76ab3d0189acaef95156874db7f9
https://conda.anaconda.org/conda-forge/linux-64/brotli-bin-1.1.0-hd590300_1.conda#39f910d205726805a958da408ca194ba
https://conda.anaconda.org/conda-forge/linux-64/c-blosc2-2.15.0-h6d6b9e4_1.conda#0dbd746357ef08ceb6c732c391e6a98c
https://conda.anaconda.org/conda-forge/linux-64/freetype-2.12.1-h267a509_2.conda#9ae35c3d96db2c94ce0cef86efdfa2cb
https://conda.anaconda.org/conda-forge/linux-64/glog-0.7.1-hbabe93e_0.conda#ff862eebdfeb2fd048ae9dc92510baca
https://conda.anaconda.org/conda-forge/linux-64/krb5-1.21.3-h659f571_0.conda#3f43953b7d3fb3aaa1d0d0723d91e368
https://conda.anaconda.org/conda-forge/linux-64/libavif16-1.0.4-hd2f8ffe_4.conda#cb911b3e0d863ca9caafd767525f7cac
https://conda.anaconda.org/conda-forge/linux-64/libblas-3.9.0-16_linux64_mkl.tar.bz2#85f61af03fd291dae33150ffe89dc09a
https://conda.anaconda.org/conda-forge/linux-64/libglib-2.80.2-h8a4344b_1.conda#9c406bb3d4dac2b358873e6462496d09
https://conda.anaconda.org/conda-forge/linux-64/libjxl-0.10.2-hcae5a98_0.conda#901db891e1e21afd8524cd636a8c8e3b
https://conda.anaconda.org/conda-forge/linux-64/libkml-1.3.0-h01aab08_1018.conda#3eb5f16bcc8a02892199aa63555c731f
https://conda.anaconda.org/conda-forge/linux-64/libprotobuf-4.25.3-h08a7969_0.conda#6945825cebd2aeb16af4c69d97c32c13
https://conda.anaconda.org/conda-forge/linux-64/libre2-11-2023.09.01-h5a48ba9_2.conda#41c69fba59d495e8cf5ffda48a607e35
https://conda.anaconda.org/conda-forge/linux-64/librttopo-1.1.0-h8917695_15.conda#20c3c14bc491f30daecaa6f73e2223ae
https://conda.anaconda.org/conda-forge/linux-64/libthrift-0.19.0-hb90f79a_1.conda#8cdb7d41faa0260875ba92414c487e2d
https://conda.anaconda.org/conda-forge/linux-64/libtiff-4.6.0-h1dd3fc0_3.conda#66f03896ffbe1a110ffda05c7a856504
https://conda.anaconda.org/conda-forge/linux-64/libxml2-2.12.7-hc051c1a_1.conda#340278ded8b0dc3a73f3660bbb0adbc6
https://conda.anaconda.org/conda-forge/linux-64/minizip-4.0.7-h401b404_0.conda#4474532a312b2245c5c77f1176989b46
https://conda.anaconda.org/conda-forge/linux-64/mpfr-4.2.1-h9458935_1.conda#8083b20f566639c22f78bcd6ca35b276
https://conda.anaconda.org/conda-forge/linux-64/nss-3.101-h593d115_0.conda#b24ab6abea1bdc28d646336a03d15392
https://conda.anaconda.org/conda-forge/linux-64/python-3.10.14-hd12c33a_0_cpython.conda#2b4ba962994e8bd4be9ff5b64b75aff2
https://conda.anaconda.org/conda-forge/linux-64/spdlog-1.13.0-hd2e6256_0.conda#18f9348f064632785d54dbd1db9344bb
https://conda.anaconda.org/conda-forge/linux-64/sqlite-3.46.0-h6d4b2fc_0.conda#77ea8dff5cf8550cc8f5629a6af56323
https://conda.anaconda.org/conda-forge/linux-64/xorg-libx11-1.8.9-hb711507_1.conda#4a6d410296d7e39f00bacdee7df046e9
https://conda.anaconda.org/conda-forge/noarch/affine-2.4.0-pyhd8ed1ab_0.conda#ae5f4ad87126c55ba3f690ef07f81d64
https://conda.anaconda.org/conda-forge/noarch/async_generator-1.10-py_0.tar.bz2#d56c596e61b1c4952acf0a9920856c12
https://conda.anaconda.org/conda-forge/linux-64/atk-1.0-2.38.0-h04ea711_2.conda#f730d54ba9cd543666d7220c9f7ed563
https://conda.anaconda.org/conda-forge/noarch/attrs-23.2.0-pyh71513ae_0.conda#5e4c0743c70186509d1412e03c2d8dfa
https://conda.anaconda.org/conda-forge/linux-64/aws-c-event-stream-0.4.2-hb72ac1a_14.conda#64676cc50610171ec66083b82be93e52
https://conda.anaconda.org/conda-forge/linux-64/aws-c-http-0.8.2-h75ac8c9_3.conda#73e326edecae77a595af47ff7261f499
https://conda.anaconda.org/conda-forge/noarch/blinker-1.8.2-pyhd8ed1ab_0.conda#cf85c002319c15e9721934104aaa1137
https://conda.anaconda.org/conda-forge/linux-64/brotli-1.1.0-hd590300_1.conda#f27a24d46e3ea7b70a1f98e50c62508f
https://conda.anaconda.org/conda-forge/linux-64/brotli-python-1.1.0-py310hc6cd4ac_1.conda#1f95722c94f00b69af69a066c7433714
https://conda.anaconda.org/conda-forge/noarch/cached_property-1.5.2-pyha770c72_1.tar.bz2#576d629e47797577ab0f1b351297ef4a
https://conda.anaconda.org/conda-forge/noarch/certifi-2024.6.2-pyhd8ed1ab_0.conda#8821ec1c8fcdc9e1d291d7b9f6e9968a
https://conda.anaconda.org/conda-forge/noarch/charset-normalizer-3.3.2-pyhd8ed1ab_0.conda#7f4a9e3fcff3f6356ae99244a014da6a
https://conda.anaconda.org/conda-forge/noarch/click-8.1.7-unix_pyh707e725_0.conda#f3ad426304898027fc619827ff428eca
https://conda.anaconda.org/conda-forge/noarch/colorama-0.4.6-pyhd8ed1ab_0.tar.bz2#3faab06a954c2a04039983f2c4a50d99
https://conda.anaconda.org/conda-forge/noarch/colour-0.1.5-pyhd8ed1ab_1.conda#de5ef3b303f625ac94939665ab85e996
https://conda.anaconda.org/conda-forge/linux-64/cramjam-2.8.3-py310hcb5633a_0.conda#b1a079d3a97fbfddc7d8fa72c2881ca2
https://conda.anaconda.org/conda-forge/noarch/cycler-0.12.1-pyhd8ed1ab_0.conda#5cd86562580f274031ede6aa6aa24441
https://conda.anaconda.org/conda-forge/linux-64/debugpy-1.8.2-py310h76e45a6_0.conda#285568244bd06fbe2cccf2ee1617f582
https://conda.anaconda.org/conda-forge/noarch/decorator-5.1.1-pyhd8ed1ab_0.tar.bz2#43afe5ab04e35e17ba28649471dd7364
https://conda.anaconda.org/conda-forge/noarch/defusedxml-0.7.1-pyhd8ed1ab_0.tar.bz2#961b3a227b437d82ad7054484cfa71b2
https://conda.anaconda.org/conda-forge/noarch/einops-0.8.0-pyhd8ed1ab_0.conda#6f8dfe6d33eeda92e9ecc2b8bda06c94
https://conda.anaconda.org/conda-forge/noarch/entrypoints-0.4-pyhd8ed1ab_0.tar.bz2#3cf04868fee0a029769bd41f4b2fbf2d
https://conda.anaconda.org/conda-forge/noarch/exceptiongroup-1.2.0-pyhd8ed1ab_2.conda#8d652ea2ee8eaee02ed8dc820bc794aa
https://conda.anaconda.org/conda-forge/noarch/executing-2.0.1-pyhd8ed1ab_0.conda#e16be50e378d8a4533b989035b196ab8
https://conda.anaconda.org/conda-forge/noarch/filelock-3.15.4-pyhd8ed1ab_0.conda#0e7e4388e9d5283e22b35a9443bdbcc9
https://conda.anaconda.org/conda-forge/linux-64/fontconfig-2.14.2-h14ed4e7_0.conda#0f69b688f52ff6da70bccb7ff7001d1d
https://conda.anaconda.org/conda-forge/linux-64/freexl-2.0.0-h743c826_0.conda#12e6988845706b2cfbc3bc35c9a61a95
https://conda.anaconda.org/conda-forge/noarch/fsspec-2024.6.1-pyhff2d567_0.conda#996bf792cdb8c0ac38ff54b9fde56841
https://conda.anaconda.org/conda-forge/linux-64/gdk-pixbuf-2.42.12-hb9ae30d_0.conda#201db6c2d9a3c5e46573ac4cb2e92f4f
https://conda.anaconda.org/conda-forge/noarch/geojson-3.1.0-pyhd8ed1ab_0.conda#d2297358b98129ef335c65dfdb67c311
https://conda.anaconda.org/conda-forge/linux-64/greenlet-3.0.3-py310hc6cd4ac_0.conda#fb478fd83c001cbf8ab01c29b857262e
https://conda.anaconda.org/conda-forge/linux-64/gts-0.7.6-h977cf35_4.conda#4d8df0b0db060d33c9a702ada998a8fe
https://conda.anaconda.org/conda-forge/noarch/hpack-4.0.0-pyh9f0ad1d_0.tar.bz2#914d6646c4dbb1fd3ff539830a12fd71
https://conda.anaconda.org/conda-forge/noarch/hyperframe-6.0.1-pyhd8ed1ab_0.tar.bz2#9f765cbfab6870c8435b9eefecd7a1f4
https://conda.anaconda.org/conda-forge/noarch/idna-3.7-pyhd8ed1ab_0.conda#c0cc1420498b17414d8617d0b9f506ca
https://conda.anaconda.org/conda-forge/noarch/json5-0.9.25-pyhd8ed1ab_0.conda#5d8c241a9261e720a34a07a3e1ac4109
https://conda.anaconda.org/conda-forge/linux-64/jsonpointer-3.0.0-py310hff52083_0.conda#e546c847260e094f41d0d2f8d17fcbdd
https://conda.anaconda.org/conda-forge/noarch/jupyter_leaflet-0.19.1-pyhd8ed1ab_0.conda#7347109e9b806720a1113b6aeef9320f
https://conda.anaconda.org/conda-forge/noarch/jupyterlab_widgets-3.0.11-pyhd8ed1ab_0.conda#fc0cb2abcfcec65ecbdcde4289b62fea
https://conda.anaconda.org/conda-forge/linux-64/kiwisolver-1.4.5-py310hd41b1e2_1.conda#b8d67603d43b23ce7e988a5d81a7ab79
https://conda.anaconda.org/conda-forge/linux-64/lcms2-2.16-hb7c19ff_0.conda#51bb7010fc86f70eee639b4bb7a894f5
https://conda.anaconda.org/conda-forge/linux-64/libarchive-3.7.4-hfca40fe_0.conda#32ddb97f897740641d8d46a829ce1704
https://conda.anaconda.org/conda-forge/linux-64/libcblas-3.9.0-16_linux64_mkl.tar.bz2#361bf757b95488de76c4f123805742d3
https://conda.anaconda.org/conda-forge/linux-64/libcurl-8.8.0-hca28451_1.conda#b8afb3e3cb3423cc445cf611ab95fdb0
https://conda.anaconda.org/conda-forge/linux-64/liblapack-3.9.0-16_linux64_mkl.tar.bz2#a2f166748917d6d6e4707841ca1f519e
https://conda.anaconda.org/conda-forge/linux-64/libpq-16.3-ha72fbe1_0.conda#bac737ae28b79cfbafd515258d97d29e
https://conda.anaconda.org/conda-forge/linux-64/libwebp-1.4.0-h2c329e2_0.conda#80030debaa84cfc31755d53742df3ca6
https://conda.anaconda.org/conda-forge/linux-64/loguru-0.7.2-py310hff52083_1.conda#157e6221a079a60c7f6f6fcb87c722aa
https://conda.anaconda.org/conda-forge/linux-64/markupsafe-2.1.5-py310h2372a71_0.conda#f6703fa0214a00bf49d1bef6dc7672d0
https://conda.anaconda.org/conda-forge/noarch/mistune-3.0.2-pyhd8ed1ab_0.conda#5cbee699846772cc939bef23a0d524ed
https://conda.anaconda.org/conda-forge/linux-64/mpc-1.3.1-hfe3b2da_0.conda#289c71e83dc0daa7d4c81f04180778ca
https://conda.anaconda.org/conda-forge/noarch/mpmath-1.3.0-pyhd8ed1ab_0.conda#dbf6e2d89137da32fa6670f3bffc024e
https://conda.anaconda.org/conda-forge/noarch/munkres-1.1.4-pyh9f0ad1d_0.tar.bz2#2ba8498c1018c1e9c61eb99b973dfe19
https://conda.anaconda.org/conda-forge/noarch/nest-asyncio-1.6.0-pyhd8ed1ab_0.conda#6598c056f64dc8800d40add25e4e2c34
https://conda.anaconda.org/conda-forge/noarch/networkx-3.3-pyhd8ed1ab_1.conda#d335fd5704b46f4efb89a6774e81aef0
https://conda.anaconda.org/conda-forge/linux-64/openjpeg-2.5.2-h488ebb8_0.conda#7f2e286780f072ed750df46dc2631138
https://conda.anaconda.org/conda-forge/linux-64/orc-2.0.1-h17fec99_1.conda#3bf65f0d8e7322a1cfe8b670fa35ec81
https://conda.anaconda.org/conda-forge/noarch/packaging-24.1-pyhd8ed1ab_0.conda#cbe1bb1f21567018ce595d9c2be0f0db
https://conda.anaconda.org/conda-forge/noarch/pamela-1.1.0-pyh1a96a4e_0.conda#dce93ccf07159017c69c6d9cea2d5d61
https://conda.anaconda.org/conda-forge/noarch/pandocfilters-1.5.0-pyhd8ed1ab_0.tar.bz2#457c2c8c08e54905d6954e79cb5b5db9
https://conda.anaconda.org/conda-forge/noarch/parso-0.8.4-pyhd8ed1ab_0.conda#81534b420deb77da8833f2289b8d47ac
https://conda.anaconda.org/conda-forge/noarch/pickleshare-0.7.5-py_1003.tar.bz2#415f0ebb6198cc2801c73438a9fb5761
https://conda.anaconda.org/conda-forge/noarch/pkgutil-resolve-name-1.3.10-pyhd8ed1ab_1.conda#405678b942f2481cecdb3e010f4925d9
https://conda.anaconda.org/conda-forge/noarch/platformdirs-4.2.2-pyhd8ed1ab_0.conda#6f6cf28bf8e021933869bae3f84b8fc9
https://conda.anaconda.org/conda-forge/noarch/prometheus_client-0.20.0-pyhd8ed1ab_0.conda#9a19b94034dd3abb2b348c8b93388035
https://conda.anaconda.org/conda-forge/noarch/pscript-0.7.7-pyhd8ed1ab_0.tar.bz2#fd93ee45ce5b90c8f6334aad78c4bc14
https://conda.anaconda.org/conda-forge/linux-64/psutil-6.0.0-py310hc51659f_0.conda#b04405826f96f4eb2f502e642d121bb5
https://conda.anaconda.org/conda-forge/noarch/ptyprocess-0.7.0-pyhd3deb0d_0.tar.bz2#359eeb6536da0e687af562ed265ec263
https://conda.anaconda.org/conda-forge/noarch/pure_eval-0.2.2-pyhd8ed1ab_0.tar.bz2#6784285c7e55cb7212efabc79e4c2883
https://conda.anaconda.org/conda-forge/noarch/pycparser-2.22-pyhd8ed1ab_0.conda#844d9eb3b43095b031874477f7d70088
https://conda.anaconda.org/conda-forge/noarch/pycrs-1.0.2-py_0.tar.bz2#ffb4ee4b7ef67bd415df4cb92d53ab68
https://conda.anaconda.org/conda-forge/noarch/pygments-2.18.0-pyhd8ed1ab_0.conda#b7f5c092b8f9800150d998a71b76d5a1
https://conda.anaconda.org/conda-forge/noarch/pyjwt-2.8.0-pyhd8ed1ab_1.conda#74f76d4868dbba5870f2cf1d9b12d8f3
https://conda.anaconda.org/conda-forge/noarch/pyparsing-3.1.2-pyhd8ed1ab_0.conda#b9a4dacf97241704529131a0dfc0494f
https://conda.anaconda.org/conda-forge/noarch/pyshp-2.3.1-pyhd8ed1ab_0.tar.bz2#92a889dc236a5197612bc85bee6d7174
https://conda.anaconda.org/conda-forge/noarch/pysocks-1.7.1-pyha2e5f31_6.tar.bz2#2a7de29fb590ca14b5243c4c812c8025
https://conda.anaconda.org/conda-forge/linux-64/python-duckdb-1.0.0-py310hea249c9_0.conda#630bef971bd14f61afa83422425d7f95
https://conda.anaconda.org/conda-forge/noarch/python-fastjsonschema-2.20.0-pyhd8ed1ab_0.conda#b98d2018c01ce9980c03ee2850690fab
https://conda.anaconda.org/conda-forge/noarch/python-json-logger-2.0.7-pyhd8ed1ab_0.conda#a61bf9ec79426938ff785eb69dbb1960
https://conda.anaconda.org/conda-forge/noarch/python-tzdata-2024.1-pyhd8ed1ab_0.conda#98206ea9954216ee7540f0c773f2104d
https://conda.anaconda.org/conda-forge/noarch/pytz-2024.1-pyhd8ed1ab_0.conda#3eeeeb9e4827ace8c0c1419c85d590ad
https://conda.anaconda.org/conda-forge/linux-64/pyyaml-6.0.1-py310h2372a71_1.conda#bb010e368de4940771368bc3dc4c63e7
https://conda.anaconda.org/conda-forge/linux-64/re2-2023.09.01-h7f4b329_2.conda#8f70e36268dea8eb666ef14c29bd3cda
https://conda.anaconda.org/conda-forge/noarch/rfc3986-validator-0.1.1-pyh9f0ad1d_0.tar.bz2#912a71cc01012ee38e6b90ddd561e36f
https://conda.anaconda.org/conda-forge/linux-64/rpds-py-0.18.1-py310he421c4c_0.conda#f12c9d4fccaae5cfc7f22adb0a71506f
https://conda.anaconda.org/conda-forge/linux-64/rtree-1.2.0-py310haf1e407_1.conda#aab35e5bbaac5bc7057effffe2b55df8
https://conda.anaconda.org/conda-forge/linux-64/ruamel.yaml.clib-0.2.8-py310h2372a71_0.conda#dcf6d2535586c77b31425ed835610c54
https://conda.anaconda.org/conda-forge/noarch/scooby-0.10.0-pyhd8ed1ab_0.conda#9e57330f431abbb4c88a5f898a4ba223
https://conda.anaconda.org/conda-forge/noarch/send2trash-1.8.3-pyh0d859eb_0.conda#778594b20097b5a948c59e50ae42482a
https://conda.anaconda.org/conda-forge/noarch/setuptools-70.1.1-pyhd8ed1ab_0.conda#985e9e86e1b0fc75a74a9bfab9309ef7
https://conda.anaconda.org/conda-forge/noarch/six-1.16.0-pyh6c4a22f_0.tar.bz2#e5f25f8dbc060e9a8d912e432202afc2
https://conda.anaconda.org/conda-forge/noarch/sniffio-1.3.1-pyhd8ed1ab_0.conda#490730480d76cf9c8f8f2849719c6e2b
https://conda.anaconda.org/conda-forge/noarch/soupsieve-2.5-pyhd8ed1ab_1.conda#3f144b2c34f8cb5a9abd9ed23a39c561
https://conda.anaconda.org/conda-forge/noarch/tenacity-8.4.2-pyhd8ed1ab_0.conda#325a80d37b5233230906a77115e00f37
https://conda.anaconda.org/conda-forge/noarch/threadpoolctl-3.5.0-pyhc1e730c_0.conda#df68d78237980a159bd7149f33c0e8fd
https://conda.anaconda.org/conda-forge/noarch/toml-0.10.2-pyhd8ed1ab_0.tar.bz2#f832c45a477c78bebd107098db465095
https://conda.anaconda.org/conda-forge/noarch/tomli-2.0.1-pyhd8ed1ab_0.tar.bz2#5844808ffab9ebdb694585b50ba02a96
https://conda.anaconda.org/conda-forge/linux-64/tornado-6.4.1-py310hc51659f_0.conda#c5a6aac4a1e0989986d9f06b3c2be2a0
https://conda.anaconda.org/conda-forge/noarch/traitlets-5.14.3-pyhd8ed1ab_0.conda#3df84416a021220d8b5700c613af2dc5
https://conda.anaconda.org/conda-forge/noarch/types-python-dateutil-2.9.0.20240316-pyhd8ed1ab_0.conda#7831efa91d57475373ee52fb92e8d137
https://conda.anaconda.org/conda-forge/noarch/typing_extensions-4.12.2-pyha770c72_0.conda#ebe6952715e1d5eb567eeebf25250fa7
https://conda.anaconda.org/conda-forge/noarch/typing_utils-0.1.0-pyhd8ed1ab_0.tar.bz2#eb67e3cace64c66233e2d35949e20f92
https://conda.anaconda.org/conda-forge/linux-64/unicodedata2-15.1.0-py310h2372a71_0.conda#72637c58d36d9475fda24700c9796f19
https://conda.anaconda.org/conda-forge/noarch/uri-template-1.3.0-pyhd8ed1ab_0.conda#0944dc65cb4a9b5b68522c3bb585d41c
https://conda.anaconda.org/conda-forge/noarch/wcwidth-0.2.13-pyhd8ed1ab_0.conda#68f0738df502a14213624b288c60c9ad
https://conda.anaconda.org/conda-forge/noarch/webcolors-24.6.0-pyhd8ed1ab_0.conda#419f2f6cf90fc7a6feee657752cd0f7b
https://conda.anaconda.org/conda-forge/noarch/webencodings-0.5.1-pyhd8ed1ab_2.conda#daf5160ff9cde3a468556965329085b9
https://conda.anaconda.org/conda-forge/noarch/websocket-client-1.8.0-pyhd8ed1ab_0.conda#f372c576b8774922da83cda2b12f9d29
https://conda.anaconda.org/conda-forge/noarch/wheel-0.43.0-pyhd8ed1ab_1.conda#0b5293a157c2b5cd513dd1b03d8d3aae
https://conda.anaconda.org/conda-forge/noarch/widgetsnbextension-4.0.11-pyhd8ed1ab_0.conda#95ba42a349c9d8eac28e30d0b637401f
https://conda.anaconda.org/conda-forge/linux-64/wrapt-1.16.0-py310h2372a71_0.conda#d9dc9c45bdc2b38403e6b388581e92f0
https://conda.anaconda.org/conda-forge/linux-64/xorg-libxext-1.3.4-h0b41bf4_2.conda#82b6df12252e6f32402b96dacc656fec
https://conda.anaconda.org/conda-forge/linux-64/xorg-libxrender-0.9.11-hd590300_0.conda#ed67c36f215b310412b2af935bf3e530
https://conda.anaconda.org/conda-forge/noarch/xyzservices-2024.6.0-pyhd8ed1ab_0.conda#de631703d59e40af41c56c4b4e2928ab
https://conda.anaconda.org/conda-forge/linux-64/zeromq-4.3.5-h75354e8_4.conda#03cc8d9838ad9dd0060ab532e81ccb21
https://conda.anaconda.org/conda-forge/noarch/zipp-3.19.2-pyhd8ed1ab_0.conda#49808e59df5535116f6878b2a820d6f4
https://conda.anaconda.org/conda-forge/noarch/anyio-4.4.0-pyhd8ed1ab_0.conda#1fa97c6e8db1f82c64ff17a5efc4ae8e
https://conda.anaconda.org/conda-forge/noarch/asttokens-2.4.1-pyhd8ed1ab_0.conda#5f25798dcefd8252ce5f9dc494d5f571
https://conda.anaconda.org/conda-forge/noarch/async-lru-2.0.4-pyhd8ed1ab_0.conda#3d081de3a6ea9f894bbb585e8e3a4dcb
https://conda.anaconda.org/conda-forge/linux-64/aws-c-auth-0.7.22-hf36ad8f_6.conda#8b0f1ad4238c94d032dcbfa4b84bcf5b
https://conda.anaconda.org/conda-forge/linux-64/aws-c-mqtt-0.10.4-hb0abfc5_7.conda#b49afe12555befb53150e401d03264b3
https://conda.anaconda.org/conda-forge/linux-64/azure-core-cpp-1.12.0-h830ed8b_0.conda#320d066f9cad598854f4af32c7c82931
https://conda.anaconda.org/conda-forge/noarch/babel-2.14.0-pyhd8ed1ab_0.conda#9669586875baeced8fc30c0826c3270e
https://conda.anaconda.org/conda-forge/noarch/beautifulsoup4-4.12.3-pyha770c72_0.conda#332493000404d8411859539a5a630865
https://conda.anaconda.org/conda-forge/noarch/bleach-6.1.0-pyhd8ed1ab_0.conda#0ed9d7c0e9afa7c025807a9a8136ea3e
https://conda.anaconda.org/conda-forge/linux-64/brunsli-0.1-h9c3ff4c_0.tar.bz2#c1ac6229d0bfd14f8354ff9ad2a26cad
https://conda.anaconda.org/conda-forge/noarch/cached-property-1.5.2-hd8ed1ab_1.tar.bz2#9b347a7ec10940d3f7941ff6c460b551
https://conda.anaconda.org/conda-forge/linux-64/cairo-1.18.0-hbb29018_2.conda#b6d90276c5aee9b4407dd94eb0cd40a8
https://conda.anaconda.org/conda-forge/linux-64/cffi-1.16.0-py310h2fee648_0.conda#45846a970e71ac98fd327da5d40a0a2c
https://conda.anaconda.org/conda-forge/linux-64/cfitsio-4.4.1-hf8ad068_0.conda#1b7a01fd02d11efe0eb5a676842a7b7d
https://conda.anaconda.org/conda-forge/noarch/click-plugins-1.1.1-py_0.tar.bz2#4fd2c6b53934bd7d96d1f3fdaf99b79f
https://conda.anaconda.org/conda-forge/noarch/cligj-0.7.2-pyhd8ed1ab_1.tar.bz2#a29b7c141d6b2de4bb67788a5f107734
https://conda.anaconda.org/conda-forge/noarch/comm-0.2.2-pyhd8ed1ab_0.conda#948d84721b578d426294e17a02e24cbb
https://conda.anaconda.org/conda-forge/noarch/deprecated-1.2.14-pyh1a96a4e_0.conda#4e4c4236e1ca9bcd8816b921a4805882
https://conda.anaconda.org/conda-forge/noarch/duckdb-1.0.0-hd8ed1ab_0.conda#4ff8d9fb8309f6305d5f9c651fa25bf3
https://conda.anaconda.org/conda-forge/linux-64/fonttools-4.53.0-py310hc51659f_0.conda#0b6cd00b80d5af0bbfa261606ed56a18
https://conda.anaconda.org/conda-forge/linux-64/gmpy2-2.1.5-py310hc7909c9_1.conda#c22f487e9f1463c6650c2e37e9193e79
https://conda.anaconda.org/conda-forge/noarch/h11-0.14.0-pyhd8ed1ab_0.tar.bz2#b21ed0883505ba1910994f1df031a428
https://conda.anaconda.org/conda-forge/noarch/h2-4.1.0-pyhd8ed1ab_0.tar.bz2#b748fbf7060927a6e82df7cb5ee8f097
https://conda.anaconda.org/conda-forge/linux-64/hdf5-1.14.3-nompi_hdf9ad27_105.conda#7e1729554e209627636a0f6fabcdd115
https://conda.anaconda.org/conda-forge/noarch/importlib-metadata-8.0.0-pyha770c72_0.conda#3286556cdd99048d198f72c3f6f69103
https://conda.anaconda.org/conda-forge/noarch/importlib_resources-6.4.0-pyhd8ed1ab_0.conda#c5d3907ad8bd7bf557521a1833cf7e6d
https://conda.anaconda.org/conda-forge/noarch/jedi-0.19.1-pyhd8ed1ab_0.conda#81a3be0b2023e1ea8555781f0ad904a2
https://conda.anaconda.org/conda-forge/noarch/jinja2-3.1.4-pyhd8ed1ab_0.conda#7b86ecb7d3557821c649b3c31e3eb9f2
https://conda.anaconda.org/conda-forge/noarch/joblib-1.4.2-pyhd8ed1ab_0.conda#25df261d4523d9f9783bcdb7208d872f
https://conda.anaconda.org/conda-forge/linux-64/jupyter_core-5.7.2-py310hff52083_0.conda#cb92c27600d5716fd526a206aa43342c
https://conda.anaconda.org/conda-forge/noarch/jupyterlab_pygments-0.3.0-pyhd8ed1ab_1.conda#afcd1b53bcac8844540358e33f33d28f
https://conda.anaconda.org/conda-forge/linux-64/libgd-2.3.3-h119a65a_9.conda#cfebc557e54905dadc355c0e9f003004
https://conda.anaconda.org/conda-forge/linux-64/libgrpc-1.62.2-h15f2491_0.conda#8dabe607748cb3d7002ad73cd06f1325
https://conda.anaconda.org/conda-forge/noarch/matplotlib-inline-0.1.7-pyhd8ed1ab_0.conda#779345c95648be40d22aaa89de7d4254
https://conda.anaconda.org/conda-forge/linux-64/numpy-1.26.4-py310hb13e2d6_0.conda#6593de64c935768b6bad3e19b3e978be
https://conda.anaconda.org/conda-forge/noarch/overrides-7.7.0-pyhd8ed1ab_0.conda#24fba5a9d161ad8103d4e84c0e1a3ed4
https://conda.anaconda.org/conda-forge/noarch/pexpect-4.9.0-pyhd8ed1ab_0.conda#629f3203c99b32e0988910c93e77f3b6
https://conda.anaconda.org/conda-forge/linux-64/pillow-10.4.0-py310hebfe307_0.conda#89d70dfe2d59edcefc3881be6bff33a6
https://conda.anaconda.org/conda-forge/noarch/pip-24.0-pyhd8ed1ab_0.conda#f586ac1e56c8638b64f9c8122a7b8a67
https://conda.anaconda.org/conda-forge/noarch/plotly-5.22.0-pyhd8ed1ab_0.conda#5b409a5f738e7d76c2b426eddb7e9956
https://conda.anaconda.org/conda-forge/linux-64/postgresql-16.3-h8e811e2_0.conda#e4d52462da124ed3792472f95a36fc2a
https://conda.anaconda.org/conda-forge/linux-64/proj-9.4.1-hb784bbd_0.conda#c38c5246d064ef16eba065d93c46f1c6
https://conda.anaconda.org/conda-forge/noarch/prompt-toolkit-3.0.47-pyha770c72_0.conda#1247c861065d227781231950e14fe817
https://conda.anaconda.org/conda-forge/noarch/python-dateutil-2.9.0-pyhd8ed1ab_0.conda#2cf4264fffb9e6eff6031c5b6884d61c
https://conda.anaconda.org/conda-forge/linux-64/pyzmq-26.0.3-py310h6883aea_0.conda#af2e86793164f8bd11e892142d0faa4c
https://conda.anaconda.org/conda-forge/noarch/referencing-0.35.1-pyhd8ed1ab_0.conda#0fc8b52192a8898627c3efae1003e9f6
https://conda.anaconda.org/conda-forge/noarch/rfc3339-validator-0.1.4-pyhd8ed1ab_0.tar.bz2#fed45fc5ea0813240707998abe49f520
https://conda.anaconda.org/conda-forge/linux-64/ruamel.yaml-0.18.6-py310h2372a71_0.conda#50b7d9b39099cdbabf65bf27df73a793
https://conda.anaconda.org/conda-forge/noarch/terminado-0.18.1-pyh0d859eb_0.conda#efba281bbdae5f6b0a1d53c6d4a97c93
https://conda.anaconda.org/conda-forge/noarch/tinycss2-1.3.0-pyhd8ed1ab_0.conda#8662629d9a05f9cff364e31ca106c1ac
https://conda.anaconda.org/conda-forge/noarch/tqdm-4.66.4-pyhd8ed1ab_0.conda#e74cd796e70a4261f86699ee0a3a7a24
https://conda.anaconda.org/conda-forge/noarch/traittypes-0.2.1-pyh9f0ad1d_2.tar.bz2#7d32ccb5334a6822c28af3e864550618
https://conda.anaconda.org/conda-forge/noarch/typing-extensions-4.12.2-hd8ed1ab_0.conda#52d648bd608f5737b123f510bb5514b5
https://conda.anaconda.org/conda-forge/noarch/whitebox-2.3.4-pyhd8ed1ab_0.conda#ca67e04cffe8a5c653b57e0a74aedfde
https://conda.anaconda.org/conda-forge/linux-64/xerces-c-3.2.5-hac6953d_0.conda#63b80ca78d29380fe69e69412dcbe4ac
https://conda.anaconda.org/conda-forge/noarch/annotated-types-0.7.0-pyhd8ed1ab_0.conda#7e9f4612544c8edbfd6afad17f1bd045
https://conda.anaconda.org/conda-forge/linux-64/argon2-cffi-bindings-21.2.0-py310h2372a71_4.conda#68ee85860502d53c8cbfa0e4cef0f6cb
https://conda.anaconda.org/conda-forge/noarch/arrow-1.3.0-pyhd8ed1ab_0.conda#b77d8c2313158e6e461ca0efb1c2c508
https://conda.anaconda.org/conda-forge/linux-64/aws-c-s3-0.5.10-h44b787d_4.conda#64de9622ebca15f36787602bdb8b31f3
https://conda.anaconda.org/conda-forge/linux-64/azure-identity-cpp-1.8.0-hdb0d106_1.conda#a297ffb4b505f51d0f58352c5c13971b
https://conda.anaconda.org/conda-forge/linux-64/azure-storage-common-cpp-12.6.0-he3f277c_1.conda#8a10bb068b138dd473300b5fe34a1865
https://conda.anaconda.org/conda-forge/noarch/branca-0.7.2-pyhd8ed1ab_0.conda#5f1c719f1cac0aee5e6bd6ca7d54a7fa
https://conda.anaconda.org/conda-forge/linux-64/contourpy-1.2.1-py310hd41b1e2_0.conda#60ee50b1968f802f2a487ba36d4cce0d
https://conda.anaconda.org/conda-forge/linux-64/cryptography-42.0.8-py310hb1bd9d3_0.conda#90f979ae54910d4e256d9fa34de71b4d
https://conda.anaconda.org/conda-forge/noarch/fqdn-1.5.1-pyhd8ed1ab_0.tar.bz2#642d35437078749ef23a5dca2c9bb1f3
https://conda.anaconda.org/conda-forge/linux-64/geotiff-1.7.3-hf7fa9e8_1.conda#8ff4fa3ab0b63dc5b214a68839499e41
https://conda.anaconda.org/conda-forge/linux-64/h5py-3.11.0-nompi_py310hf054cd7_102.conda#f74f9a0a4d713f5eec89917883f4ae7e
https://conda.anaconda.org/conda-forge/linux-64/harfbuzz-8.5.0-hfac3d4d_0.conda#f5126317dd0ce0ba26945e411ecc6960
https://conda.anaconda.org/conda-forge/noarch/httpcore-1.0.5-pyhd8ed1ab_0.conda#a6b9a0158301e697e4d0a36a3d60e133
https://conda.anaconda.org/conda-forge/linux-64/imagecodecs-2024.6.1-py310h51fded0_2.conda#ac026fc13669395440a7ffa2c923e3fe
https://conda.anaconda.org/conda-forge/noarch/imageio-2.34.2-pyh12aca89_0.conda#97ad994fae55dce96bd397054b32e41a
https://conda.anaconda.org/conda-forge/noarch/importlib_metadata-8.0.0-hd8ed1ab_0.conda#5f8c8ebbe6413a7838cf6ecf14d5d31b
https://conda.anaconda.org/conda-forge/noarch/jsonschema-specifications-2023.12.1-pyhd8ed1ab_0.conda#a0e4efb5f35786a05af4809a2fb1f855
https://conda.anaconda.org/conda-forge/noarch/jupyter_server_terminals-0.5.3-pyhd8ed1ab_0.conda#219b3833aa8ed91d47d1be6ca03f30be
https://conda.anaconda.org/conda-forge/linux-64/kealib-1.5.3-hee9dde6_1.conda#c5b7b29e2b66107553d0366538257a51
https://conda.anaconda.org/conda-forge/noarch/lazy_loader-0.4-pyhd8ed1ab_0.conda#a284ff318fbdb0dd83928275b4b6087c
https://conda.anaconda.org/conda-forge/linux-64/libgoogle-cloud-2.25.0-h2736e30_0.conda#1bbc13a65b92eafde06dbdf0ef3658cd
https://conda.anaconda.org/conda-forge/linux-64/libnetcdf-4.9.2-nompi_h135f659_114.conda#a908e463c710bd6b10a9eaa89fdf003c
https://conda.anaconda.org/conda-forge/linux-64/libspatialite-5.1.0-h6fbd9c4_7.conda#e39bdbe437c74e43b534e21290ca3897
https://conda.anaconda.org/conda-forge/noarch/mako-1.3.5-pyhd8ed1ab_0.conda#29fddbfa0e2361636a98de4f46ead2ac
https://conda.anaconda.org/conda-forge/linux-64/pandas-2.2.2-py310hf9f9076_1.conda#18100768350158f1795ab9ad7d06d5ca
https://conda.anaconda.org/conda-forge/linux-64/poppler-24.04.0-hb6cd0d7_0.conda#d19eed746748f1d44b575662f2bcfe95
https://conda.anaconda.org/conda-forge/linux-64/pydantic-core-2.20.0-py310he421c4c_0.conda#baa527f18cad39c3c11f98525baffe78
https://conda.anaconda.org/conda-forge/linux-64/pyproj-3.6.1-py310hf666db6_7.conda#577d33875077f2ae50b13dd56e4d90f8
https://conda.anaconda.org/conda-forge/noarch/pystac-1.10.1-pyhd8ed1ab_0.conda#438b12f2fcfa37b72787abb68baca9f7
https://conda.anaconda.org/conda-forge/linux-64/python-box-7.2.0-py310hc51659f_0.conda#e6a78235175bf8bb47a783efa08006b9
https://conda.anaconda.org/conda-forge/linux-64/pywavelets-1.6.0-py310h261611a_0.conda#04a405ee0bccb4de8d1ed0c87704f5f6
https://conda.anaconda.org/conda-forge/linux-64/scipy-1.14.0-py310h93e2701_0.conda#b22b24595c8ec0ef064967bd2649f643
https://conda.anaconda.org/conda-forge/linux-64/shapely-2.0.4-py310hec8f0c1_1.conda#baf9a1e8de78418d988232388dc309dc
https://conda.anaconda.org/conda-forge/noarch/snuggs-1.4.7-py_0.tar.bz2#cb83a3d6ecf73f50117635192414426a
https://conda.anaconda.org/conda-forge/linux-64/sqlalchemy-2.0.31-py310hc51659f_0.conda#938cc25cbacaf9612e34b431855c76d0
https://conda.anaconda.org/conda-forge/noarch/stack_data-0.6.2-pyhd8ed1ab_0.conda#e7df0fdd404616638df5ece6e69ba7af
https://conda.anaconda.org/conda-forge/noarch/sympy-1.12.1-pypyh2585a3b_103.conda#4af9db19148140eb2ff3b2a93697063b
https://conda.anaconda.org/conda-forge/linux-64/zstandard-0.22.0-py310hab88d88_1.conda#f997c26e250f125a1a297589a95ae79d
https://conda.anaconda.org/conda-forge/noarch/alembic-1.13.2-pyhd8ed1ab_0.conda#0045ed5e28a7f2c252a30442408b36c4
https://conda.anaconda.org/conda-forge/noarch/argon2-cffi-23.1.0-pyhd8ed1ab_0.conda#3afef1f55a1366b4d3b6a0d92e2235e4
https://conda.anaconda.org/conda-forge/linux-64/aws-crt-cpp-0.26.12-he940a02_1.conda#e77a416fb3b4952f4a7aa899e2c9111a
https://conda.anaconda.org/conda-forge/linux-64/azure-storage-blobs-cpp-12.11.0-ha67cba7_1.conda#f03bba57b85a5b3ac443a871787fc429
https://conda.anaconda.org/conda-forge/linux-64/fastparquet-2024.2.0-py310h1f7b6fc_0.conda#db83d20ffbd4000ab0dc3222275efedd
https://conda.anaconda.org/conda-forge/noarch/geopandas-base-0.14.4-pyha770c72_0.conda#b7a9e8e5865cc474fb0856577898316a
https://conda.anaconda.org/conda-forge/noarch/h5netcdf-1.3.0-pyhd8ed1ab_0.conda#6890388078d9a3a20ef793c5ffb169ed
https://conda.anaconda.org/conda-forge/noarch/httpx-0.27.0-pyhd8ed1ab_0.conda#9f359af5a886fd6ca6b2b6ea02e58332
https://conda.anaconda.org/conda-forge/noarch/ipython-8.26.0-pyh707e725_0.conda#f64d3520d5d00321c10f4dabb5b903f3
https://conda.anaconda.org/conda-forge/noarch/isoduration-20.11.0-pyhd8ed1ab_0.tar.bz2#4cb68948e0b8429534380243d063a27a
https://conda.anaconda.org/conda-forge/noarch/jsonschema-4.22.0-pyhd8ed1ab_0.conda#b9661a4b1200d6bc7d8a4cdafdc91468
https://conda.anaconda.org/conda-forge/noarch/jupyter_client-8.6.2-pyhd8ed1ab_0.conda#3cdbb2fa84490e5fd44c9f9806c0d292
https://conda.anaconda.org/conda-forge/linux-64/libgoogle-cloud-storage-2.25.0-h3d9a0c8_0.conda#5e3f7cfcfd74065847da8f8598ff81d3
https://conda.anaconda.org/conda-forge/linux-64/matplotlib-base-3.9.0-py310h0b1de36_0.conda#f4ff1cd602728a6f36d58e52f6800386
https://conda.anaconda.org/conda-forge/noarch/oauthlib-3.2.2-pyhd8ed1ab_0.tar.bz2#8f882b197fd9c4941a787926baea4868
https://conda.anaconda.org/conda-forge/linux-64/pango-1.54.0-h84a9a3c_0.conda#7c51e110b2f059c0843269d3324e4b22
https://conda.anaconda.org/conda-forge/noarch/pydantic-2.8.0-pyhd8ed1ab_0.conda#2d9e3275aace5688f31a9a01a8fdf381
https://conda.anaconda.org/conda-forge/noarch/pyopenssl-24.0.0-pyhd8ed1ab_0.conda#b50aec2c744a5c493c09cce9e2e7533e
https://conda.anaconda.org/pytorch/linux-64/pytorch-2.3.0-py3.10_cpu_0.tar.bz2#f5187a3cb0339198f3aed2e5818e8b9a
https://conda.anaconda.org/conda-forge/linux-64/scikit-learn-1.5.0-py310h981052a_1.conda#00c9a9a02191cb62c6c2bde9e8f0897d
https://conda.anaconda.org/conda-forge/noarch/tifffile-2024.6.18-pyhd8ed1ab_0.conda#7c3077529bfe3b86f9425d526d73bd24
https://conda.anaconda.org/conda-forge/noarch/urllib3-2.2.2-pyhd8ed1ab_1.conda#e804c43f58255e977093a2298e442bb8
https://conda.anaconda.org/conda-forge/noarch/xarray-2024.6.0-pyhd8ed1ab_1.conda#a6775bba72ade3fd777ccac04902202c
https://conda.anaconda.org/conda-forge/linux-64/aws-sdk-cpp-1.11.329-h0f5bab0_6.conda#52029b9a8f71290c8c82ce9f4da336a7
https://conda.anaconda.org/conda-forge/linux-64/azure-storage-files-datalake-cpp-12.10.0-h29b5301_1.conda#bb35c23b178fc17b9e4458766f91da7f
https://conda.anaconda.org/conda-forge/noarch/certipy-0.1.3-py_0.tar.bz2#23486713ef5712923e7c57cae609b22e
https://conda.anaconda.org/conda-forge/linux-64/gtk2-2.24.33-h280cfa0_4.conda#410f86e58e880dcc7b0e910a8e89c05c
https://conda.anaconda.org/conda-forge/noarch/ipykernel-6.29.5-pyh3099207_0.conda#b40131ab6a36ac2c09b7c57d4d3fbf99
https://conda.anaconda.org/conda-forge/noarch/ipywidgets-8.1.3-pyhd8ed1ab_0.conda#a1323654e9d87b16642ef02a03b98b32
https://conda.anaconda.org/conda-forge/noarch/jsonschema-with-format-nongpl-4.22.0-pyhd8ed1ab_0.conda#32ab666927ee17b9468c2c72bbd7ba1b
https://conda.anaconda.org/conda-forge/linux-64/librsvg-2.58.1-hadf69e7_0.conda#73fc255d740d23da4f554b58dc4909fd
https://conda.anaconda.org/conda-forge/noarch/mapclassify-2.6.1-pyhd8ed1ab_0.conda#6aceae1ad4f16cf7b73ee04189947f98
https://conda.anaconda.org/conda-forge/noarch/nbformat-5.10.4-pyhd8ed1ab_0.conda#0b57b5368ab7fc7cdc9e3511fa867214
https://conda.anaconda.org/conda-forge/noarch/requests-2.32.3-pyhd8ed1ab_0.conda#5ede4753180c7a550a443c430dc8ab52
https://conda.anaconda.org/conda-forge/linux-64/scikit-image-0.22.0-py310hcc13569_2.conda#801b47c8f5ecc81eb2cd5083197e5a19
https://conda.anaconda.org/conda-forge/noarch/bqplot-0.12.43-pyhd8ed1ab_0.conda#b9fe4be7c3abb5c473148feb9e8b7b02
https://conda.anaconda.org/conda-forge/noarch/folium-0.17.0-pyhd8ed1ab_0.conda#9b96a3e6e0473b5722fa4fbefcefcded
https://conda.anaconda.org/conda-forge/noarch/gdown-5.2.0-pyhd8ed1ab_0.conda#29903392720ea0d6162b772ff97235c3
https://conda.anaconda.org/conda-forge/linux-64/graphviz-11.0.0-hc68bbd7_0.conda#52a531ef95358086a56086c45d97ab75
https://conda.anaconda.org/conda-forge/noarch/ipyevents-2.0.2-pyhd8ed1ab_0.conda#95f2b3a86abaa1b19eebfcf33f46e761
https://conda.anaconda.org/conda-forge/noarch/ipyfilechooser-0.6.0-pyhd8ed1ab_0.tar.bz2#77f3e551b6bc450deca63b2f171e0b73
https://conda.anaconda.org/conda-forge/noarch/ipyleaflet-0.19.1-pyhd8ed1ab_0.conda#d06f564e69336012581484f3774c8aff
https://conda.anaconda.org/conda-forge/noarch/ipysheet-0.7.0-pyhd8ed1ab_0.conda#c977270e076bf8d73155b0e4968310cd
https://conda.anaconda.org/conda-forge/noarch/ipytree-0.2.2-pyhd8ed1ab_0.tar.bz2#5cc19cec6c4598183f4a8278e2142810
https://conda.anaconda.org/conda-forge/noarch/ipyvue-1.11.0-pyhd8ed1ab_0.conda#e0c654ff60f028f281db145e8a9a2d20
https://conda.anaconda.org/conda-forge/noarch/jupyter_events-0.10.0-pyhd8ed1ab_0.conda#ed45423c41b3da15ea1df39b1f80c2ca
https://conda.anaconda.org/conda-forge/linux-64/libarrow-16.1.0-h4a673ee_10_cpu.conda#c737ba625b762cc4cbe7c68d27e8d2e1
https://conda.anaconda.org/conda-forge/noarch/nbclient-0.10.0-pyhd8ed1ab_0.conda#15b51397e0fe8ea7d7da60d83eb76ebc
https://conda.anaconda.org/conda-forge/noarch/openeo-0.29.0-pyhd8ed1ab_0.conda#590d16c92c3f7de4f7d0092d1995808a
https://conda.anaconda.org/conda-forge/noarch/pystac-client-0.8.2-pyhd8ed1ab_0.conda#14f862d3c7d665d62c12fe851d5b2d67
https://conda.anaconda.org/conda-forge/linux-64/tiledb-2.24.1-h2aae180_1.conda#85c4bf16889383d577898538edd85bff
https://conda.anaconda.org/conda-forge/noarch/ipyvuetify-1.9.4-pyhd8ed1ab_0.conda#cac8d38b9b31ade25b9a498bf18ab4e7
https://conda.anaconda.org/conda-forge/noarch/jupyterhub-base-5.0.0-pyh31011fe_0.conda#d7cd04c2c5127cba38b15702c88d6df4
https://conda.anaconda.org/conda-forge/linux-64/libarrow-acero-16.1.0-hac33072_10_cpu.conda#1283e2eecd89d1e06c33d004451a4a9e
https://conda.anaconda.org/conda-forge/linux-64/libgdal-3.9.1-he176cbe_2.conda#6609176ac1581c84c79115cb18f899a6
https://conda.anaconda.org/conda-forge/linux-64/libparquet-16.1.0-h6a7eafb_10_cpu.conda#a65776bbdae47c8b725f77dbed54c5d2
https://conda.anaconda.org/conda-forge/noarch/nbconvert-core-7.16.4-pyhd8ed1ab_1.conda#e2d2abb421c13456a9a9f80272fdf543
https://conda.anaconda.org/conda-forge/linux-64/pyarrow-core-16.1.0-py310h46b3431_4_cpu.conda#5843861fd2369ed14551635017e73d93
https://conda.anaconda.org/conda-forge/noarch/python-graphviz-0.20.3-pyh717bed2_0.conda#031c005eb6d4513013d99ed163dd5f59
https://conda.anaconda.org/conda-forge/noarch/whiteboxgui-2.3.0-pyhd8ed1ab_0.conda#96916399e481bbf4cc727ab14d539359
https://conda.anaconda.org/conda-forge/linux-64/catboost-1.2.5-py310hff52083_0.conda#18f2ad3244c45d19d5cf3f444c79b873
https://conda.anaconda.org/conda-forge/linux-64/gdal-3.9.1-py310hb8ea937_2.conda#1306819294d8591f5ee699b70ad75a8a
https://conda.anaconda.org/conda-forge/noarch/jupyter_server-2.14.1-pyhd8ed1ab_0.conda#174af03c6e6038edd32021a48aa003c4
https://conda.anaconda.org/conda-forge/linux-64/libarrow-dataset-16.1.0-hac33072_10_cpu.conda#49d2f8911e30844309aaf1fe221f0d66
https://conda.anaconda.org/conda-forge/linux-64/rasterio-1.3.10-py310hf386912_4.conda#2fc0cda5350c8a122ace0aa10b1dc5bb
https://conda.anaconda.org/conda-forge/linux-64/fiona-1.9.6-py310h033d26a_3.conda#be4f38268d59e25e69467f8830e4e0d0
https://conda.anaconda.org/conda-forge/noarch/jupyter-lsp-2.2.5-pyhd8ed1ab_0.conda#885867f6adab3d7ecdf8ab6ca0785f51
https://conda.anaconda.org/conda-forge/noarch/jupyterlab_server-2.27.2-pyhd8ed1ab_0.conda#d1cb7b113daaadd89e5aa6a32b28bf0d
https://conda.anaconda.org/conda-forge/linux-64/libarrow-substrait-16.1.0-h7e0c224_10_cpu.conda#d3aa33ea25ffdc1147134b202c84158d
https://conda.anaconda.org/conda-forge/noarch/notebook-shim-0.2.4-pyhd8ed1ab_0.conda#3d85618e2c97ab896b5b5e298d32b5b3
https://conda.anaconda.org/conda-forge/noarch/rioxarray-0.15.5-pyhd8ed1ab_0.conda#cd7e6bfce5f8d758267c79d54bf108e7
https://conda.anaconda.org/conda-forge/noarch/geopandas-0.14.4-pyhd8ed1ab_0.conda#acc01facf6f915b6289a064957a58cc1
https://conda.anaconda.org/conda-forge/noarch/jupyterlab-4.2.3-pyhd8ed1ab_0.conda#fc3e207aa4596a682acc725da4b845ad
https://conda.anaconda.org/conda-forge/linux-64/pyarrow-16.1.0-py310hb7f781d_4.conda#10604d0c3b113642a951e6945a1c0c2a
https://conda.anaconda.org/conda-forge/noarch/jupyterhub-singleuser-5.0.0-pyh31011fe_0.conda#6946150b2358cef4ec1565ce1d0c63f8
https://conda.anaconda.org/conda-forge/noarch/leafmap-0.35.1-pyhd8ed1ab_0.conda#e10eba5a687f178fdb7e3c42f908a581
https://conda.anaconda.org/conda-forge/noarch/notebook-7.2.1-pyhd8ed1ab_0.conda#08fa71a038c2cac2e636a5a456df15d5
https://conda.anaconda.org/conda-forge/noarch/nbgitpuller-1.2.1-pyhd8ed1ab_0.conda#73abf90c19790f8d6c600b0aa152c932
